
Microsoft Visual Studio Solution File, Format Version 12.00
# Visual Studio 15
VisualStudioVersion = 15.0.27130.2003
MinimumVisualStudioVersion = 10.0.40219.1
Project("{FAE04EC0-301F-11D3-BF4B-00C04F79EFBC}") = "Sanatana.EntityFramework.Batch", "Sanatana.EntityFramework.Batch\Sanatana.EntityFramework.Batch.csproj", "{EE8E634F-C276-487B-9C89-58D57BE98205}"
EndProject
Project("{FAE04EC0-301F-11D3-BF4B-00C04F79EFBC}") = "Sanatana.EntityFramework.BatchSpecs", "Sanatana.EntityFramework.BatchSpecs\Sanatana.EntityFramework.BatchSpecs.csproj", "{F1C0E8A2-7EC1-46EE-8AD5-057E441710F5}"
EndProject
Global
	GlobalSection(SolutionConfigurationPlatforms) = preSolution
		Debug|Any CPU = Debug|Any CPU
		Release|Any CPU = Release|Any CPU
	EndGlobalSection
	GlobalSection(ProjectConfigurationPlatforms) = postSolution
		{EE8E634F-C276-487B-9C89-58D57BE98205}.Debug|Any CPU.ActiveCfg = Debug|Any CPU
		{EE8E634F-C276-487B-9C89-58D57BE98205}.Debug|Any CPU.Build.0 = Debug|Any CPU
		{EE8E634F-C276-487B-9C89-58D57BE98205}.Release|Any CPU.ActiveCfg = Release|Any CPU
		{EE8E634F-C276-487B-9C89-58D57BE98205}.Release|Any CPU.Build.0 = Release|Any CPU
		{F1C0E8A2-7EC1-46EE-8AD5-057E441710F5}.Debug|Any CPU.ActiveCfg = Debug|Any CPU
		{F1C0E8A2-7EC1-46EE-8AD5-057E441710F5}.Debug|Any CPU.Build.0 = Debug|Any CPU
		{F1C0E8A2-7EC1-46EE-8AD5-057E441710F5}.Release|Any CPU.ActiveCfg = Release|Any CPU
		{F1C0E8A2-7EC1-46EE-8AD5-057E441710F5}.Release|Any CPU.Build.0 = Release|Any CPU
	EndGlobalSection
	GlobalSection(SolutionProperties) = preSolution
		HideSolutionNode = FALSE
	EndGlobalSection
	GlobalSection(ExtensibilityGlobals) = postSolution
		SolutionGuid = {486F8B7E-78A6-4CB7-A6AE-C386A4B740CB}
	EndGlobalSection
EndGlobal
